
Microsoft Visual Studio Solution File, Format Version 12.00
# Visual Studio Version 17
VisualStudioVersion = 17.3.32929.385
MinimumVisualStudioVersion = 10.0.40219.1
Project("{9A19103F-16F7-4668-BE54-9A1E7A4F7556}") = "Factory", "Patterns\Factory.csproj", "{85A77DEB-581F-41E5-9B3D-876BABA46F2C}"
EndProject
Project("{9A19103F-16F7-4668-BE54-9A1E7A4F7556}") = "Rules", "Rules\Rules.csproj", "{CDAA927C-6928-4644-9B2F-3FCC44847266}"
EndProject
Project("{9A19103F-16F7-4668-BE54-9A1E7A4F7556}") = "Sorting", "Sorting\Sorting.csproj", "{BEF7346F-3856-4553-8626-6730BE204452}"
EndProject
Project("{9A19103F-16F7-4668-BE54-9A1E7A4F7556}") = "ConfigureServices", "ConfigureServices\ConfigureServices.csproj", "{DCC17F4F-54DB-494F-A497-BA9CE6991193}"
EndProject
Project("{9A19103F-16F7-4668-BE54-9A1E7A4F7556}") = "Builder", "Builder\Builder.csproj", "{BD035010-08DF-4624-8890-2035C7239D2B}"
EndProject
Project("{9A19103F-16F7-4668-BE54-9A1E7A4F7556}") = "Rshb", "Rshb\Rshb.csproj", "{7E952C99-AC0E-491A-A08B-CAFD80377894}"
EndProject
Project("{9A19103F-16F7-4668-BE54-9A1E7A4F7556}") = "Iterator", "Iterator\Iterator.csproj", "{31C408C9-6027-49DE-AD31-93601C36363F}"
EndProject
Project("{9A19103F-16F7-4668-BE54-9A1E7A4F7556}") = "Specification", "Specification\Specification.csproj", "{5FE7DD1D-AF27-4FAA-AB53-54CEAE52C705}"
EndProject
Project("{9A19103F-16F7-4668-BE54-9A1E7A4F7556}") = "Events", "Events\Events.csproj", "{5192D969-2AF4-4F09-846C-863130999B33}"
EndProject
Project("{9A19103F-16F7-4668-BE54-9A1E7A4F7556}") = "Interpreter", "Interpreter\Interpreter.csproj", "{940966FA-FAD2-427B-8A09-F3B76480F444}"
EndProject
Project("{9A19103F-16F7-4668-BE54-9A1E7A4F7556}") = "Strategy", "Strategy\Strategy.csproj", "{2320BC74-4328-4008-AEB0-58CE230459B4}"
EndProject
Project("{FAE04EC0-301F-11D3-BF4B-00C04F79EFBC}") = "EnumAsClass", "EnumAsClass\EnumAsClass.csproj", "{D12AD075-CC98-4729-844F-E08A0BC8B61F}"
EndProject
Global
	GlobalSection(SolutionConfigurationPlatforms) = preSolution
		Debug|Any CPU = Debug|Any CPU
		Release|Any CPU = Release|Any CPU
	EndGlobalSection
	GlobalSection(ProjectConfigurationPlatforms) = postSolution
		{85A77DEB-581F-41E5-9B3D-876BABA46F2C}.Debug|Any CPU.ActiveCfg = Debug|Any CPU
		{85A77DEB-581F-41E5-9B3D-876BABA46F2C}.Debug|Any CPU.Build.0 = Debug|Any CPU
		{85A77DEB-581F-41E5-9B3D-876BABA46F2C}.Release|Any CPU.ActiveCfg = Release|Any CPU
		{85A77DEB-581F-41E5-9B3D-876BABA46F2C}.Release|Any CPU.Build.0 = Release|Any CPU
		{CDAA927C-6928-4644-9B2F-3FCC44847266}.Debug|Any CPU.ActiveCfg = Debug|Any CPU
		{CDAA927C-6928-4644-9B2F-3FCC44847266}.Debug|Any CPU.Build.0 = Debug|Any CPU
		{CDAA927C-6928-4644-9B2F-3FCC44847266}.Release|Any CPU.ActiveCfg = Release|Any CPU
		{CDAA927C-6928-4644-9B2F-3FCC44847266}.Release|Any CPU.Build.0 = Release|Any CPU
		{BEF7346F-3856-4553-8626-6730BE204452}.Debug|Any CPU.ActiveCfg = Debug|Any CPU
		{BEF7346F-3856-4553-8626-6730BE204452}.Debug|Any CPU.Build.0 = Debug|Any CPU
		{BEF7346F-3856-4553-8626-6730BE204452}.Release|Any CPU.ActiveCfg = Release|Any CPU
		{BEF7346F-3856-4553-8626-6730BE204452}.Release|Any CPU.Build.0 = Release|Any CPU
		{DCC17F4F-54DB-494F-A497-BA9CE6991193}.Debug|Any CPU.ActiveCfg = Debug|Any CPU
		{DCC17F4F-54DB-494F-A497-BA9CE6991193}.Debug|Any CPU.Build.0 = Debug|Any CPU
		{DCC17F4F-54DB-494F-A497-BA9CE6991193}.Release|Any CPU.ActiveCfg = Release|Any CPU
		{DCC17F4F-54DB-494F-A497-BA9CE6991193}.Release|Any CPU.Build.0 = Release|Any CPU
		{BD035010-08DF-4624-8890-2035C7239D2B}.Debug|Any CPU.ActiveCfg = Debug|Any CPU
		{BD035010-08DF-4624-8890-2035C7239D2B}.Debug|Any CPU.Build.0 = Debug|Any CPU
		{BD035010-08DF-4624-8890-2035C7239D2B}.Release|Any CPU.ActiveCfg = Release|Any CPU
		{BD035010-08DF-4624-8890-2035C7239D2B}.Release|Any CPU.Build.0 = Release|Any CPU
		{7E952C99-AC0E-491A-A08B-CAFD80377894}.Debug|Any CPU.ActiveCfg = Debug|Any CPU
		{7E952C99-AC0E-491A-A08B-CAFD80377894}.Debug|Any CPU.Build.0 = Debug|Any CPU
		{7E952C99-AC0E-491A-A08B-CAFD80377894}.Release|Any CPU.ActiveCfg = Release|Any CPU
		{7E952C99-AC0E-491A-A08B-CAFD80377894}.Release|Any CPU.Build.0 = Release|Any CPU
		{31C408C9-6027-49DE-AD31-93601C36363F}.Debug|Any CPU.ActiveCfg = Debug|Any CPU
		{31C408C9-6027-49DE-AD31-93601C36363F}.Debug|Any CPU.Build.0 = Debug|Any CPU
		{31C408C9-6027-49DE-AD31-93601C36363F}.Release|Any CPU.ActiveCfg = Release|Any CPU
		{31C408C9-6027-49DE-AD31-93601C36363F}.Release|Any CPU.Build.0 = Release|Any CPU
		{5FE7DD1D-AF27-4FAA-AB53-54CEAE52C705}.Debug|Any CPU.ActiveCfg = Debug|Any CPU
		{5FE7DD1D-AF27-4FAA-AB53-54CEAE52C705}.Debug|Any CPU.Build.0 = Debug|Any CPU
		{5FE7DD1D-AF27-4FAA-AB53-54CEAE52C705}.Release|Any CPU.ActiveCfg = Release|Any CPU
		{5FE7DD1D-AF27-4FAA-AB53-54CEAE52C705}.Release|Any CPU.Build.0 = Release|Any CPU
		{5192D969-2AF4-4F09-846C-863130999B33}.Debug|Any CPU.ActiveCfg = Debug|Any CPU
		{5192D969-2AF4-4F09-846C-863130999B33}.Debug|Any CPU.Build.0 = Debug|Any CPU
		{5192D969-2AF4-4F09-846C-863130999B33}.Release|Any CPU.ActiveCfg = Release|Any CPU
		{5192D969-2AF4-4F09-846C-863130999B33}.Release|Any CPU.Build.0 = Release|Any CPU
		{940966FA-FAD2-427B-8A09-F3B76480F444}.Debug|Any CPU.ActiveCfg = Debug|Any CPU
		{940966FA-FAD2-427B-8A09-F3B76480F444}.Debug|Any CPU.Build.0 = Debug|Any CPU
		{940966FA-FAD2-427B-8A09-F3B76480F444}.Release|Any CPU.ActiveCfg = Release|Any CPU
		{940966FA-FAD2-427B-8A09-F3B76480F444}.Release|Any CPU.Build.0 = Release|Any CPU
		{2320BC74-4328-4008-AEB0-58CE230459B4}.Debug|Any CPU.ActiveCfg = Debug|Any CPU
		{2320BC74-4328-4008-AEB0-58CE230459B4}.Debug|Any CPU.Build.0 = Debug|Any CPU
		{2320BC74-4328-4008-AEB0-58CE230459B4}.Release|Any CPU.ActiveCfg = Release|Any CPU
		{2320BC74-4328-4008-AEB0-58CE230459B4}.Release|Any CPU.Build.0 = Release|Any CPU
		{D12AD075-CC98-4729-844F-E08A0BC8B61F}.Debug|Any CPU.ActiveCfg = Debug|Any CPU
		{D12AD075-CC98-4729-844F-E08A0BC8B61F}.Debug|Any CPU.Build.0 = Debug|Any CPU
		{D12AD075-CC98-4729-844F-E08A0BC8B61F}.Release|Any CPU.ActiveCfg = Release|Any CPU
		{D12AD075-CC98-4729-844F-E08A0BC8B61F}.Release|Any CPU.Build.0 = Release|Any CPU
	EndGlobalSection
	GlobalSection(SolutionProperties) = preSolution
		HideSolutionNode = FALSE
	EndGlobalSection
	GlobalSection(ExtensibilityGlobals) = postSolution
		SolutionGuid = {9E1A3330-9DD1-4C9A-8A98-DF15AA3213A2}
	EndGlobalSection
EndGlobal
